
Microsoft Visual Studio Solution File, Format Version 12.00
# Visual Studio Version 17
VisualStudioVersion = 17.10.34928.147
MinimumVisualStudioVersion = 10.0.40219.1
Project("{FAE04EC0-301F-11D3-BF4B-00C04F79EFBC}") = "DbConnectionSimulation", "DbConnectionSimulation\DbConnectionSimulation.csproj", "{57102CD1-F987-4941-97E7-BA2824565280}"
EndProject
Global
	GlobalSection(SolutionConfigurationPlatforms) = preSolution
		Debug|Any CPU = Debug|Any CPU
		Release|Any CPU = Release|Any CPU
	EndGlobalSection
	GlobalSection(ProjectConfigurationPlatforms) = postSolution
		{57102CD1-F987-4941-97E7-BA2824565280}.Debug|Any CPU.ActiveCfg = Debug|Any CPU
		{57102CD1-F987-4941-97E7-BA2824565280}.Debug|Any CPU.Build.0 = Debug|Any CPU
		{57102CD1-F987-4941-97E7-BA2824565280}.Release|Any CPU.ActiveCfg = Release|Any CPU
		{57102CD1-F987-4941-97E7-BA2824565280}.Release|Any CPU.Build.0 = Release|Any CPU
	EndGlobalSection
	GlobalSection(SolutionProperties) = preSolution
		HideSolutionNode = FALSE
	EndGlobalSection
	GlobalSection(ExtensibilityGlobals) = postSolution
		SolutionGuid = {A75F9DC8-3D88-4475-8572-3AE7E86D421C}
	EndGlobalSection
EndGlobal
